{
  "name": "wmlgl-webpack-dist-replace-plugin",
  "version": "1.0.2-b",
  "lockfileVersion": 2,
  "requires": true,
  "packages": {
    "": {
      "name": "wmlgl-webpack-dist-replace-plugin",
      "version": "1.0.2-b",
      "dependencies": {
        "webpack-sources": "^3.2.3"
      },
      "devDependencies": {}
    },
    "node_modules/webpack-sources": {
      "version": "3.2.3",
      "resolved": "https://registry.npmjs.org/webpack-sources/-/webpack-sources-3.2.3.tgz",
      "integrity": "sha512-/DyMEOrDgLKKIG0fmvtz+4dUX/3Ghozwgm6iPp8KRhvn+eQf9+Q7GWxVNMk3+uCPWfdXYC4ExGBckIXdFEfH1w==",
      "engines": {
        "node": ">=10.13.0"
      }
    }
  },
  "dependencies": {
    "webpack-sources": {
      "version": "3.2.3",
      "resolved": "https://registry.npmjs.org/webpack-sources/-/webpack-sources-3.2.3.tgz",
      "integrity": "sha512-/DyMEOrDgLKKIG0fmvtz+4dUX/3Ghozwgm6iPp8KRhvn+eQf9+Q7GWxVNMk3+uCPWfdXYC4ExGBckIXdFEfH1w=="
    }
  }
}
